	<Project xmlns="http://schemas.microsoft.com/developer/msbuild/2003">
		<PropertyGroup>
			<ProjectGuid>{FA31D4E0-82DE-437E-BB1C-4F0883B01FC0}</ProjectGuid>
			<MainSource>VPR_D2009.dpk</MainSource>
			<Config Condition="'$(Config)'==''">Release</Config>
			<DCC_DCCCompiler>DCC32</DCC_DCCCompiler>
			<ProjectVersion>12.0</ProjectVersion>
		</PropertyGroup>
		<PropertyGroup Condition="'$(Config)'=='Base' or '$(Base)'!=''">
			<Base>true</Base>
		</PropertyGroup>
		<PropertyGroup Condition="'$(Config)'=='Release' or '$(Cfg_1)'!=''">
			<Cfg_1>true</Cfg_1>
			<CfgParent>Base</CfgParent>
			<Base>true</Base>
		</PropertyGroup>
		<PropertyGroup Condition="'$(Config)'=='Debug' or '$(Cfg_2)'!=''">
			<Cfg_2>true</Cfg_2>
			<CfgParent>Base</CfgParent>
			<Base>true</Base>
		</PropertyGroup>
		<PropertyGroup Condition="'$(Base)'!=''">
			<DCC_SymbolReferenceInfo>1</DCC_SymbolReferenceInfo>
			<DesignOnlyPackage>false</DesignOnlyPackage>
			<DCC_DependencyCheckOutputName>C:\Users\Public\Documents\RAD Studio\6.0\Bpl\VPR_D2009.bpl</DCC_DependencyCheckOutputName>
			<GenDll>true</GenDll>
			<GenPackage>true</GenPackage>
			<BRCC_IncludePath>C:\Program Files\Adobe\Adobe Photoshop CS2\Plug-Ins\Import-Export;$(BRCC_IncludePath)</BRCC_IncludePath>
			<DCC_ExeOutput>C:\Program Files\Adobe\Adobe Photoshop CS2\Plug-Ins\Import-Export</DCC_ExeOutput>
			<DCC_DcuOutput>DCU</DCC_DcuOutput>
			<DCC_UsePackage>vclx;vcl;dbrtl;Rave76VCL;bdertl;rtl;vclactnband;vcldb;vcldbx;dsnap;dsnapcon;TeeUI;TeeDB;Tee;adortl;vclib;ibxpress;IndyCore;IndySystem;IndyProtocols;xmlrtl;inet;intrawebdb_100_120;Intraweb_100_120;VclSmp;vclie;websnap;webdsnap;inetdbbde;inetdbxpress;soaprtl;vclribbon;DbxCommonDriver;DbxClientDriver;DBXInterBaseDriver;DBXMySQLDriver;dbexpress;dbxcds;PS_VCL_D7;GR32_BDS2009;RaizeComponentsVcl;RaizeComponentsVclDb;DControls;GR32_DSGN_BDS2009;dclOfficeXP;PS_IDE_D7;DGradients2005;dxCoreD12;cxLibraryD12;dxsbD12;dxComnD12;cxEditorsD12;cxExtEditorsD12;cxPageControlD12;cxBarEditItemD12;dxBarD12;dxBarDBNavD12;dxBarExtDBItemsD12;dxBarExtItemsD12;dxRibbonD12;cxGridD12;cxSchedulerD12;cxSchedulerGridD12;cxTreeListD12;cxTreeListdxBarPopupMenuD12;cxVerticalGridD12;dxmdsD12;dxSpellCheckerD12;cxSpreadSheetD12;dxDockingD12;dxNavBarD12;dxLayoutControlD12;dxLayoutControlcxEditAdaptersD12;cxPivotGridD12;cxPivotGridChartD12;cxPivotGridOLAPD12;dxdbtrD12;dxtrmdD12;dxorgcD12;dxdborD12;dxFlowChartD12;dcldxSkinsCoreD12;dxSkinsCoreD12;dxSkinscxScheduler3PainterD12;dxSkinscxPCPainterD12;dxSkinsdxBarPainterD12;dxSkinsdxLCPainterD12;dxSkinsdxNavBar2PainterD12;dxSkinBlackD12;dxSkinBlueD12;dxSkinCaramelD12;dxSkinCoffeeD12;dxSkinDarkSideD12;dxSkinGlassOceansD12;dxSkiniMaginaryD12;dxSkinLilianD12;dxSkinLiquidSkyD12;dxSkinLondonLiquidSkyD12;dxSkinMcSkinD12;dxSkinMoneyTwinsD12;dxSkinOffice2007BlackD12;dxSkinOffice2007BlueD12;dxSkinOffice2007GreenD12;dxSkinOffice2007PinkD12;dxSkinOffice2007SilverD12;dxSkinPumpkinD12;dxSkinsdxDLPainterD12;dxSkinsdxRibbonPainterD12;dxSkinSilverD12;dxSkinSpringTimeD12;dxSkinStardustD12;dxSkinSummer2008D12;dxSkinValentineD12;dxSkinXmas2008BlueD12;dxPSCoreD12;dxPSLnksD12;vclshlctrls;dxPScxCommonD12;dxPScxGrid6LnkD12;dxPScxPCProdD12;dxPScxPivotGrid2LnkD12;dxPScxScheduler3LnkD12;dxPScxSSLnkD12;dxPScxVGridLnkD12;dxPSTeeChartD12;dxPSdxOCLnkD12;dxPSdxDBTVLnkD12;dxPSdxFCLnkD12;dxPSdxLCLnkD12;dxPSdxDBOCLnkD12;dxPScxExtCommonD12;dxPsPrVwAdvD12;dxPSDBTeeChartD12</DCC_UsePackage>
			<DCC_ImageBase>00400000</DCC_ImageBase>
			<DCC_Platform>x86</DCC_Platform>
		</PropertyGroup>
		<PropertyGroup Condition="'$(Cfg_1)'!=''">
			<DCC_MapFile>3</DCC_MapFile>
			<DCC_LocalDebugSymbols>false</DCC_LocalDebugSymbols>
			<DCC_Define>RELEASE;$(DCC_Define)</DCC_Define>
			<DCC_SymbolReferenceInfo>0</DCC_SymbolReferenceInfo>
			<DCC_DebugInformation>false</DCC_DebugInformation>
		</PropertyGroup>
		<PropertyGroup Condition="'$(Cfg_2)'!=''">
			<DCC_Define>DEBUG;$(DCC_Define)</DCC_Define>
		</PropertyGroup>
		<ItemGroup>
			<DelphiCompile Include="VPR_D2009.dpk">
				<MainSource>MainSource</MainSource>
			</DelphiCompile>
			<DCCReference Include="rtl.dcp"/>
			<DCCReference Include="GR32_BDS2006.dcp"/>
			<DCCReference Include="CSP20I2009.dcp"/>
			<DCCReference Include="vcl.dcp"/>
			<DCCReference Include="GR32_PolygonsEx.pas"/>
			<DCCReference Include="gr32_vectorutils.pas"/>
			<DCCReference Include="GR32_VectorGraphics.pas"/>
			<DCCReference Include="gr32_vpr.pas"/>
			<DCCReference Include="CSP20I200.dcp"/>
			<DCCReference Include="CSP20I20.dcp"/>
			<DCCReference Include="CSP20I2.dcp"/>
			<DCCReference Include="CSP20I.dcp"/>
			<DCCReference Include="CSP20I7.dcp"/>
			<DCCReference Include="CSP20I70.dcp"/>
			<DCCReference Include="GR32_BDS200.dcp"/>
			<DCCReference Include="GR32_BDS2005.dcp"/>
			<DCCReference Include="GR32_BDS20.dcp"/>
			<DCCReference Include="GR32_BDS2.dcp"/>
			<DCCReference Include="GR32_BDS.dcp"/>
			<DCCReference Include="GR32_BD.dcp"/>
			<DCCReference Include="GR32_B.dcp"/>
			<DCCReference Include="GR32_BF.dcp"/>
			<DCCReference Include="GR32_BFS.dcp"/>
			<DCCReference Include="GR32_.dcp"/>
			<DCCReference Include="GR32_7.dcp"/>
			<DCCReference Include="GR32_D7.dcp"/>
			<BuildConfiguration Include="Base">
				<Key>Base</Key>
			</BuildConfiguration>
			<BuildConfiguration Include="Debug">
				<Key>Cfg_2</Key>
				<CfgParent>Base</CfgParent>
			</BuildConfiguration>
			<BuildConfiguration Include="Release">
				<Key>Cfg_1</Key>
				<CfgParent>Base</CfgParent>
			</BuildConfiguration>
		</ItemGroup>
		<Import Project="$(BDS)\Bin\CodeGear.Delphi.Targets" Condition="Exists('$(BDS)\Bin\CodeGear.Delphi.Targets')"/>
		<ProjectExtensions>
			<Borland.Personality>Delphi.Personality.12</Borland.Personality>
			<Borland.ProjectType>Package</Borland.ProjectType>
			<BorlandProject>
				<Delphi.Personality>
					<Source>
						<Source Name="MainSource">VPR_D2009.dpk</Source>
					</Source>
					<Parameters>
						<Parameters Name="HostApplication">C:\Program Files\Adobe\Adobe Photoshop CS2\Photoshop.exe</Parameters>
						<Parameters Name="UseLauncher">False</Parameters>
						<Parameters Name="LoadAllSymbols">True</Parameters>
						<Parameters Name="LoadUnspecifiedSymbols">False</Parameters>
					</Parameters>
					<VersionInfo>
						<VersionInfo Name="IncludeVerInfo">True</VersionInfo>
						<VersionInfo Name="AutoIncBuild">True</VersionInfo>
						<VersionInfo Name="MajorVer">1</VersionInfo>
						<VersionInfo Name="MinorVer">1</VersionInfo>
						<VersionInfo Name="Release">2</VersionInfo>
						<VersionInfo Name="Build">128</VersionInfo>
						<VersionInfo Name="Debug">False</VersionInfo>
						<VersionInfo Name="PreRelease">False</VersionInfo>
						<VersionInfo Name="Special">False</VersionInfo>
						<VersionInfo Name="Private">False</VersionInfo>
						<VersionInfo Name="DLL">False</VersionInfo>
						<VersionInfo Name="Locale">1031</VersionInfo>
						<VersionInfo Name="CodePage">1252</VersionInfo>
					</VersionInfo>
					<VersionInfoKeys>
						<VersionInfoKeys Name="CompanyName">www.trueboxshot.com</VersionInfoKeys>
						<VersionInfoKeys Name="FileDescription"/>
						<VersionInfoKeys Name="FileVersion">1.1.2.128</VersionInfoKeys>
						<VersionInfoKeys Name="InternalName"/>
						<VersionInfoKeys Name="LegalCopyright"/>
						<VersionInfoKeys Name="LegalTrademarks"/>
						<VersionInfoKeys Name="OriginalFilename"/>
						<VersionInfoKeys Name="ProductName">True BoxShot for Photoshop</VersionInfoKeys>
						<VersionInfoKeys Name="ProductVersion">1.1.0.0</VersionInfoKeys>
						<VersionInfoKeys Name="Comments"/>
					</VersionInfoKeys>
					<Excluded_Packages>
						<Excluded_Packages Name="$(BDS)\bin\dcloffice2k120.bpl">Microsoft Office 2000 Sample Automation Server Wrapper Components</Excluded_Packages>
					</Excluded_Packages>
				</Delphi.Personality>
			</BorlandProject>
			<ProjectFileVersion>12</ProjectFileVersion>
		</ProjectExtensions>
	</Project>
